
Microsoft Visual Studio Solution File, Format Version 12.00
# Visual Studio 15
VisualStudioVersion = 15.0.27130.2026
MinimumVisualStudioVersion = 10.0.40219.1
Project("{2150E333-8FDC-42A3-9474-1A3956D46DE8}") = "Tests", "Tests", "{29620822-B209-4F3C-9322-347261FDCFE3}"
EndProject
Project("{9A19103F-16F7-4668-BE54-9A1E7A4F7556}") = "EFCore.Repository.Tests", "EFCore.Repository.Tests\EFCore.Repository.Tests.csproj", "{777DD2EF-FB45-4743-9F26-45064596B870}"
EndProject
Project("{9A19103F-16F7-4668-BE54-9A1E7A4F7556}") = "EFCore.Repository", "EFCore.Repository\EFCore.Repository.csproj", "{4983C3E6-ED76-4FC8-BAE3-D7FEFA982ACF}"
EndProject
Project("{2150E333-8FDC-42A3-9474-1A3956D46DE8}") = "Demos", "Demos", "{FED23F50-F9CE-4963-9870-7CBCE9E9C210}"
EndProject
Project("{9A19103F-16F7-4668-BE54-9A1E7A4F7556}") = "EFCore.Repository.Demo.NetCoreWebApp", "EFCore.Repository.Demo.NetCoreWebApp\EFCore.Repository.Demo.NetCoreWebApp.csproj", "{81F7EFE2-B3F1-49BC-B8AC-2A7DBF8C6E86}"
EndProject
Global
	GlobalSection(SolutionConfigurationPlatforms) = preSolution
		Debug|Any CPU = Debug|Any CPU
		Release|Any CPU = Release|Any CPU
	EndGlobalSection
	GlobalSection(ProjectConfigurationPlatforms) = postSolution
		{777DD2EF-FB45-4743-9F26-45064596B870}.Debug|Any CPU.ActiveCfg = Debug|Any CPU
		{777DD2EF-FB45-4743-9F26-45064596B870}.Debug|Any CPU.Build.0 = Debug|Any CPU
		{777DD2EF-FB45-4743-9F26-45064596B870}.Release|Any CPU.ActiveCfg = Release|Any CPU
		{777DD2EF-FB45-4743-9F26-45064596B870}.Release|Any CPU.Build.0 = Release|Any CPU
		{4983C3E6-ED76-4FC8-BAE3-D7FEFA982ACF}.Debug|Any CPU.ActiveCfg = Debug|Any CPU
		{4983C3E6-ED76-4FC8-BAE3-D7FEFA982ACF}.Debug|Any CPU.Build.0 = Debug|Any CPU
		{4983C3E6-ED76-4FC8-BAE3-D7FEFA982ACF}.Release|Any CPU.ActiveCfg = Release|Any CPU
		{4983C3E6-ED76-4FC8-BAE3-D7FEFA982ACF}.Release|Any CPU.Build.0 = Release|Any CPU
		{81F7EFE2-B3F1-49BC-B8AC-2A7DBF8C6E86}.Debug|Any CPU.ActiveCfg = Debug|Any CPU
		{81F7EFE2-B3F1-49BC-B8AC-2A7DBF8C6E86}.Debug|Any CPU.Build.0 = Debug|Any CPU
		{81F7EFE2-B3F1-49BC-B8AC-2A7DBF8C6E86}.Release|Any CPU.ActiveCfg = Release|Any CPU
		{81F7EFE2-B3F1-49BC-B8AC-2A7DBF8C6E86}.Release|Any CPU.Build.0 = Release|Any CPU
	EndGlobalSection
	GlobalSection(SolutionProperties) = preSolution
		HideSolutionNode = FALSE
	EndGlobalSection
	GlobalSection(NestedProjects) = preSolution
		{777DD2EF-FB45-4743-9F26-45064596B870} = {29620822-B209-4F3C-9322-347261FDCFE3}
		{81F7EFE2-B3F1-49BC-B8AC-2A7DBF8C6E86} = {FED23F50-F9CE-4963-9870-7CBCE9E9C210}
	EndGlobalSection
	GlobalSection(ExtensibilityGlobals) = postSolution
		SolutionGuid = {CC845CF3-EA11-47B8-B295-BAE663D8F1C7}
	EndGlobalSection
EndGlobal
